
Microsoft Visual Studio Solution File, Format Version 12.00
# Visual Studio 15
VisualStudioVersion = 15.0.28307.572
MinimumVisualStudioVersion = 10.0.40219.1
Project("{FAE04EC0-301F-11D3-BF4B-00C04F79EFBC}") = "szyfrCezara", "szyfrCezara\szyfrCezara.csproj", "{6DB27E8C-84D5-4957-A851-51D5A5811A07}"
EndProject
Global
	GlobalSection(SolutionConfigurationPlatforms) = preSolution
		Debug|Any CPU = Debug|Any CPU
		Release|Any CPU = Release|Any CPU
	EndGlobalSection
	GlobalSection(ProjectConfigurationPlatforms) = postSolution
		{6DB27E8C-84D5-4957-A851-51D5A5811A07}.Debug|Any CPU.ActiveCfg = Debug|Any CPU
		{6DB27E8C-84D5-4957-A851-51D5A5811A07}.Debug|Any CPU.Build.0 = Debug|Any CPU
		{6DB27E8C-84D5-4957-A851-51D5A5811A07}.Release|Any CPU.ActiveCfg = Release|Any CPU
		{6DB27E8C-84D5-4957-A851-51D5A5811A07}.Release|Any CPU.Build.0 = Release|Any CPU
	EndGlobalSection
	GlobalSection(SolutionProperties) = preSolution
		HideSolutionNode = FALSE
	EndGlobalSection
	GlobalSection(ExtensibilityGlobals) = postSolution
		SolutionGuid = {45AEE11A-09A3-4D1A-9DFC-3AC3D488137F}
	EndGlobalSection
EndGlobal
